
Microsoft Visual Studio Solution File, Format Version 12.00
# Visual Studio Version 16
VisualStudioVersion = 16.0.34729.46
MinimumVisualStudioVersion = 10.0.40219.1
Project("{FAE04EC0-301F-11D3-BF4B-00C04F79EFBC}") = "AbstractClassAssignment", "AbstractClassAssignment\AbstractClassAssignment.csproj", "{7F12043C-E6C8-45C2-B22C-B55C539664EF}"
EndProject
Global
	GlobalSection(SolutionConfigurationPlatforms) = preSolution
		Debug|Any CPU = Debug|Any CPU
		Release|Any CPU = Release|Any CPU
	EndGlobalSection
	GlobalSection(ProjectConfigurationPlatforms) = postSolution
		{7F12043C-E6C8-45C2-B22C-B55C539664EF}.Debug|Any CPU.ActiveCfg = Debug|Any CPU
		{7F12043C-E6C8-45C2-B22C-B55C539664EF}.Debug|Any CPU.Build.0 = Debug|Any CPU
		{7F12043C-E6C8-45C2-B22C-B55C539664EF}.Release|Any CPU.ActiveCfg = Release|Any CPU
		{7F12043C-E6C8-45C2-B22C-B55C539664EF}.Release|Any CPU.Build.0 = Release|Any CPU
	EndGlobalSection
	GlobalSection(SolutionProperties) = preSolution
		HideSolutionNode = FALSE
	EndGlobalSection
	GlobalSection(ExtensibilityGlobals) = postSolution
		SolutionGuid = {96B08E82-CD9B-4421-827E-0B94DE44BCB1}
	EndGlobalSection
EndGlobal
